// !$*UTF8*$!
{
	archiveVersion = 1;
	classes = {
	};
	objectVersion = 55;
	objects = {

/* Begin PBXBuildFile section */
		7B501CFC27E6008300E79990 /* AppDelegate.swift in Sources */ = {isa = PBXBuildFile; fileRef = 7B501CFB27E6008300E79990 /* AppDelegate.swift */; };
		7B501CFE27E6008300E79990 /* SceneDelegate.swift in Sources */ = {isa = PBXBuildFile; fileRef = 7B501CFD27E6008300E79990 /* SceneDelegate.swift */; };
		7B501D0027E6008300E79990 /* ViewController.swift in Sources */ = {isa = PBXBuildFile; fileRef = 7B501CFF27E6008300E79990 /* ViewController.swift */; };
		7B501D0327E6008300E79990 /* Main.storyboard in Resources */ = {isa = PBXBuildFile; fileRef = 7B501D0127E6008300E79990 /* Main.storyboard */; };
		7B501D0527E6008700E79990 /* Assets.xcassets in Resources */ = {isa = PBXBuildFile; fileRef = 7B501D0427E6008700E79990 /* Assets.xcassets */; };
		7B501D0827E6008700E79990 /* LaunchScreen.storyboard in Resources */ = {isa = PBXBuildFile; fileRef = 7B501D0627E6008700E79990 /* LaunchScreen.storyboard */; };
		7B501D1027E600A700E79990 /* bg.jpg in Resources */ = {isa = PBXBuildFile; fileRef = 7B501D0F27E600A700E79990 /* bg.jpg */; };
		7B501D1227E600B000E79990 /* background.jpg in Resources */ = {isa = PBXBuildFile; fileRef = 7B501D1127E600B000E79990 /* background.jpg */; };
		7B501D1427E600B800E79990 /* plant.jpg in Resources */ = {isa = PBXBuildFile; fileRef = 7B501D1327E600B800E79990 /* plant.jpg */; };
		7B501D1727E6EB4100E79990 /* swipeMenuWithCardView.gif in Resources */ = {isa = PBXBuildFile; fileRef = 7B501D1627E6EB4000E79990 /* swipeMenuWithCardView.gif */; };
/* End PBXBuildFile section */

/* Begin PBXFileReference section */
		7B501CF827E6008300E79990 /* SideMenu.app */ = {isa = PBXFileReference; explicitFileType = wrapper.application; includeInIndex = 0; path = SideMenu.app; sourceTree = BUILT_PRODUCTS_DIR; };
		7B501CFB27E6008300E79990 /* AppDelegate.swift */ = {isa = PBXFileReference; lastKnownFileType = sourcecode.swift; path = AppDelegate.swift; sourceTree = "<group>"; };
		7B501CFD27E6008300E79990 /* SceneDelegate.swift */ = {isa = PBXFileReference; lastKnownFileType = sourcecode.swift; path = SceneDelegate.swift; sourceTree = "<group>"; };
		7B501CFF27E6008300E79990 /* ViewController.swift */ = {isa = PBXFileReference; lastKnownFileType = sourcecode.swift; path = ViewController.swift; sourceTree = "<group>"; };
		7B501D0227E6008300E79990 /* Base */ = {isa = PBXFileReference; lastKnownFileType = file.storyboard; name = Base; path = Base.lproj/Main.storyboard; sourceTree = "<group>"; };
		7B501D0427E6008700E79990 /* Assets.xcassets */ = {isa = PBXFileReference; lastKnownFileType = folder.assetcatalog; path = Assets.xcassets; sourceTree = "<group>"; };
		7B501D0727E6008700E79990 /* Base */ = {isa = PBXFileReference; lastKnownFileType = file.storyboard; name = Base; path = Base.lproj/LaunchScreen.storyboard; sourceTree = "<group>"; };
		7B501D0927E6008700E79990 /* Info.plist */ = {isa = PBXFileReference; lastKnownFileType = text.plist.xml; path = Info.plist; sourceTree = "<group>"; };
		7B501D0F27E600A700E79990 /* bg.jpg */ = {isa = PBXFileReference; lastKnownFileType = image.jpeg; path = bg.jpg; sourceTree = "<group>"; };
		7B501D1127E600B000E79990 /* background.jpg */ = {isa = PBXFileReference; lastKnownFileType = image.jpeg; path = background.jpg; sourceTree = "<group>"; };
		7B501D1327E600B800E79990 /* plant.jpg */ = {isa = PBXFileReference; lastKnownFileType = image.jpeg; path = plant.jpg; sourceTree = "<group>"; };
		7B501D1627E6EB4000E79990 /* swipeMenuWithCardView.gif */ = {isa = PBXFileReference; lastKnownFileType = image.gif; path = swipeMenuWithCardView.gif; sourceTree = "<group>"; };
/* End PBXFileReference section */

/* Begin PBXFrameworksBuildPhase section */
		7B501CF527E6008300E79990 /* Frameworks */ = {
			isa = PBXFrameworksBuildPhase;
			buildActionMask = 2147483647;
			files = (
			);
			runOnlyForDeploymentPostprocessing = 0;
		};
/* End PBXFrameworksBuildPhase section */

/* Begin PBXGroup section */
		7B501CEF27E6008300E79990 = {
			isa = PBXGroup;
			children = (
				7B501D1527E6EAE000E79990 /* Gif */,
				7B501CFA27E6008300E79990 /* SideMenu */,
				7B501CF927E6008300E79990 /* Products */,
			);
			sourceTree = "<group>";
		};
		7B501CF927E6008300E79990 /* Products */ = {
			isa = PBXGroup;
			children = (
				7B501CF827E6008300E79990 /* SideMenu.app */,
			);
			name = Products;
			sourceTree = "<group>";
		};
		7B501CFA27E6008300E79990 /* SideMenu */ = {
			isa = PBXGroup;
			children = (
				7B501D1127E600B000E79990 /* background.jpg */,
				7B501D0F27E600A700E79990 /* bg.jpg */,
				7B501D1327E600B800E79990 /* plant.jpg */,
				7B501CFB27E6008300E79990 /* AppDelegate.swift */,
				7B501CFD27E6008300E79990 /* SceneDelegate.swift */,
				7B501CFF27E6008300E79990 /* ViewController.swift */,
				7B501D0127E6008300E79990 /* Main.storyboard */,
				7B501D0427E6008700E79990 /* Assets.xcassets */,
				7B501D0627E6008700E79990 /* LaunchScreen.storyboard */,
				7B501D0927E6008700E79990 /* Info.plist */,
			);
			path = SideMenu;
			sourceTree = "<group>";
		};
		7B501D1527E6EAE000E79990 /* Gif */ = {
			isa = PBXGroup;
			children = (
				7B501D1627E6EB4000E79990 /* swipeMenuWithCardView.gif */,
			);
			path = Gif;
			sourceTree = "<group>";
		};
/* End PBXGroup section */

/* Begin PBXNativeTarget section */
		7B501CF727E6008300E79990 /* SideMenu */ = {
			isa = PBXNativeTarget;
			buildConfigurationList = 7B501D0C27E6008700E79990 /* Build configuration list for PBXNativeTarget "SideMenu" */;
			buildPhases = (
				7B501CF427E6008300E79990 /* Sources */,
				7B501CF527E6008300E79990 /* Frameworks */,
				7B501CF627E6008300E79990 /* Resources */,
			);
			buildRules = (
			);
			dependencies = (
			);
			name = SideMenu;
			productName = SideMenu;
			productReference = 7B501CF827E6008300E79990 /* SideMenu.app */;
			productType = "com.apple.product-type.application";
		};
/* End PBXNativeTarget section */

/* Begin PBXProject section */
		7B501CF027E6008300E79990 /* Project object */ = {
			isa = PBXProject;
			attributes = {
				BuildIndependentTargetsInParallel = 1;
				LastSwiftUpdateCheck = 1330;
				LastUpgradeCheck = 1330;
				TargetAttributes = {
					7B501CF727E6008300E79990 = {
						CreatedOnToolsVersion = 13.3;
					};
				};
			};
			buildConfigurationList = 7B501CF327E6008300E79990 /* Build configuration list for PBXProject "SideMenu" */;
			compatibilityVersion = "Xcode 13.0";
			developmentRegion = en;
			hasScannedForEncodings = 0;
			knownRegions = (
				en,
				Base,
			);
			mainGroup = 7B501CEF27E6008300E79990;
			productRefGroup = 7B501CF927E6008300E79990 /* Products */;
			projectDirPath = "";
			projectRoot = "";
			targets = (
				7B501CF727E6008300E79990 /* SideMenu */,
			);
		};
/* End PBXProject section */

/* Begin PBXResourcesBuildPhase section */
		7B501CF627E6008300E79990 /* Resources */ = {
			isa = PBXResourcesBuildPhase;
			buildActionMask = 2147483647;
			files = (
				7B501D0827E6008700E79990 /* LaunchScreen.storyboard in Resources */,
				7B501D1227E600B000E79990 /* background.jpg in Resources */,
				7B501D1727E6EB4100E79990 /* swipeMenuWithCardView.gif in Resources */,
				7B501D0527E6008700E79990 /* Assets.xcassets in Resources */,
				7B501D1027E600A700E79990 /* bg.jpg in Resources */,
				7B501D0327E6008300E79990 /* Main.storyboard in Resources */,
				7B501D1427E600B800E79990 /* plant.jpg in Resources */,
			);
			runOnlyForDeploymentPostprocessing = 0;
		};
/* End PBXResourcesBuildPhase section */

/* Begin PBXSourcesBuildPhase section */
		7B501CF427E6008300E79990 /* Sources */ = {
			isa = PBXSourcesBuildPhase;
			buildActionMask = 2147483647;
			files = (
				7B501D0027E6008300E79990 /* ViewController.swift in Sources */,
				7B501CFC27E6008300E79990 /* AppDelegate.swift in Sources */,
				7B501CFE27E6008300E79990 /* SceneDelegate.swift in Sources */,
			);
			runOnlyForDeploymentPostprocessing = 0;
		};
/* End PBXSourcesBuildPhase section */

/* Begin PBXVariantGroup section */
		7B501D0127E6008300E79990 /* Main.storyboard */ = {
			isa = PBXVariantGroup;
			children = (
				7B501D0227E6008300E79990 /* Base */,
			);
			name = Main.storyboard;
			sourceTree = "<group>";
		};
		7B501D0627E6008700E79990 /* LaunchScreen.storyboard */ = {
			isa = PBXVariantGroup;
			children = (
				7B501D0727E6008700E79990 /* Base */,
			);
			name = LaunchScreen.storyboard;
			sourceTree = "<group>";
		};
/* End PBXVariantGroup section */

/* Begin XCBuildConfiguration section */
		7B501D0A27E6008700E79990 /* Debug */ = {
			isa = XCBuildConfiguration;
			buildSettings = {
				ALWAYS_SEARCH_USER_PATHS = NO;
				CLANG_ANALYZER_NONNULL = YES;
				CLANG_ANALYZER_NUMBER_OBJECT_CONVERSION = YES_AGGRESSIVE;
				CLANG_CXX_LANGUAGE_STANDARD = "gnu++17";
				CLANG_ENABLE_MODULES = YES;
				CLANG_ENABLE_OBJC_ARC = YES;
				CLANG_ENABLE_OBJC_WEAK = YES;
				CLANG_WARN_BLOCK_CAPTURE_AUTORELEASING = YES;
				CLANG_WARN_BOOL_CONVERSION = YES;
				CLANG_WARN_COMMA = YES;
				CLANG_WARN_CONSTANT_CONVERSION = YES;
				CLANG_WARN_DEPRECATED_OBJC_IMPLEMENTATIONS = YES;
				CLANG_WARN_DIRECT_OBJC_ISA_USAGE = YES_ERROR;
				CLANG_WARN_DOCUMENTATION_COMMENTS = YES;
				CLANG_WARN_EMPTY_BODY = YES;
				CLANG_WARN_ENUM_CONVERSION = YES;
				CLANG_WARN_INFINITE_RECURSION = YES;
				CLANG_WARN_INT_CONVERSION = YES;
				CLANG_WARN_NON_LITERAL_NULL_CONVERSION = YES;
				CLANG_WARN_OBJC_IMPLICIT_RETAIN_SELF = YES;
				CLANG_WARN_OBJC_LITERAL_CONVERSION = YES;
				CLANG_WARN_OBJC_ROOT_CLASS = YES_ERROR;
				CLANG_WARN_QUOTED_INCLUDE_IN_FRAMEWORK_HEADER = YES;
				CLANG_WARN_RANGE_LOOP_ANALYSIS = YES;
				CLANG_WARN_STRICT_PROTOTYPES = YES;
				CLANG_WARN_SUSPICIOUS_MOVE = YES;
				CLANG_WARN_UNGUARDED_AVAILABILITY = YES_AGGRESSIVE;
				CLANG_WARN_UNREACHABLE_CODE = YES;
				CLANG_WARN__DUPLICATE_METHOD_MATCH = YES;
				COPY_PHASE_STRIP = NO;
				DEBUG_INFORMATION_FORMAT = dwarf;
				ENABLE_STRICT_OBJC_MSGSEND = YES;
				ENABLE_TESTABILITY = YES;
				GCC_C_LANGUAGE_STANDARD = gnu11;
				GCC_DYNAMIC_NO_PIC = NO;
				GCC_NO_COMMON_BLOCKS = YES;
				GCC_OPTIMIZATION_LEVEL = 0;
				GCC_PREPROCESSOR_DEFINITIONS = (
					"DEBUG=1",
					"$(inherited)",
				);
				GCC_WARN_64_TO_32_BIT_CONVERSION = YES;
				GCC_WARN_ABOUT_RETURN_TYPE = YES_ERROR;
				GCC_WARN_UNDECLARED_SELECTOR = YES;
				GCC_WARN_UNINITIALIZED_AUTOS = YES_AGGRESSIVE;
				GCC_WARN_UNUSED_FUNCTION = YES;
				GCC_WARN_UNUSED_VARIABLE = YES;
				IPHONEOS_DEPLOYMENT_TARGET = 15.4;
				MTL_ENABLE_DEBUG_INFO = INCLUDE_SOURCE;
				MTL_FAST_MATH = YES;
				ONLY_ACTIVE_ARCH = YES;
				SDKROOT = iphoneos;
				SWIFT_ACTIVE_COMPILATION_CONDITIONS = DEBUG;
				SWIFT_OPTIMIZATION_LEVEL = "-Onone";
			};
			name = Debug;
		};
		7B501D0B27E6008700E79990 /* Release */ = {
			isa = XCBuildConfiguration;
			buildSettings = {
				ALWAYS_SEARCH_USER_PATHS = NO;
				CLANG_ANALYZER_NONNULL = YES;
				CLANG_ANALYZER_NUMBER_OBJECT_CONVERSION = YES_AGGRESSIVE;
				CLANG_CXX_LANGUAGE_STANDARD = "gnu++17";
				CLANG_ENABLE_MODULES = YES;
				CLANG_ENABLE_OBJC_ARC = YES;
				CLANG_ENABLE_OBJC_WEAK = YES;
				CLANG_WARN_BLOCK_CAPTURE_AUTORELEASING = YES;
				CLANG_WARN_BOOL_CONVERSION = YES;
				CLANG_WARN_COMMA = YES;
				CLANG_WARN_CONSTANT_CONVERSION = YES;
				CLANG_WARN_DEPRECATED_OBJC_IMPLEMENTATIONS = YES;
				CLANG_WARN_DIRECT_OBJC_ISA_USAGE = YES_ERROR;
				CLANG_WARN_DOCUMENTATION_COMMENTS = YES;
				CLANG_WARN_EMPTY_BODY = YES;
				CLANG_WARN_ENUM_CONVERSION = YES;
				CLANG_WARN_INFINITE_RECURSION = YES;
				CLANG_WARN_INT_CONVERSION = YES;
				CLANG_WARN_NON_LITERAL_NULL_CONVERSION = YES;
				CLANG_WARN_OBJC_IMPLICIT_RETAIN_SELF = YES;
				CLANG_WARN_OBJC_LITERAL_CONVERSION = YES;
				CLANG_WARN_OBJC_ROOT_CLASS = YES_ERROR;
				CLANG_WARN_QUOTED_INCLUDE_IN_FRAMEWORK_HEADER = YES;
				CLANG_WARN_RANGE_LOOP_ANALYSIS = YES;
				CLANG_WARN_STRICT_PROTOTYPES = YES;
				CLANG_WARN_SUSPICIOUS_MOVE = YES;
				CLANG_WARN_UNGUARDED_AVAILABILITY = YES_AGGRESSIVE;
				CLANG_WARN_UNREACHABLE_CODE = YES;
				CLANG_WARN__DUPLICATE_METHOD_MATCH = YES;
				COPY_PHASE_STRIP = NO;
				DEBUG_INFORMATION_FORMAT = "dwarf-with-dsym";
				ENABLE_NS_ASSERTIONS = NO;
				ENABLE_STRICT_OBJC_MSGSEND = YES;
				GCC_C_LANGUAGE_STANDARD = gnu11;
				GCC_NO_COMMON_BLOCKS = YES;
				GCC_WARN_64_TO_32_BIT_CONVERSION = YES;
				GCC_WARN_ABOUT_RETURN_TYPE = YES_ERROR;
				GCC_WARN_UNDECLARED_SELECTOR = YES;
				GCC_WARN_UNINITIALIZED_AUTOS = YES_AGGRESSIVE;
				GCC_WARN_UNUSED_FUNCTION = YES;
				GCC_WARN_UNUSED_VARIABLE = YES;
				IPHONEOS_DEPLOYMENT_TARGET = 15.4;
				MTL_ENABLE_DEBUG_INFO = NO;
				MTL_FAST_MATH = YES;
				SDKROOT = iphoneos;
				SWIFT_COMPILATION_MODE = wholemodule;
				SWIFT_OPTIMIZATION_LEVEL = "-O";
				VALIDATE_PRODUCT = YES;
			};
			name = Release;
		};
		7B501D0D27E6008700E79990 /* Debug */ = {
			isa = XCBuildConfiguration;
			buildSettings = {
				ASSETCATALOG_COMPILER_APPICON_NAME = AppIcon;
				ASSETCATALOG_COMPILER_GLOBAL_ACCENT_COLOR_NAME = AccentColor;
				CODE_SIGN_STYLE = Automatic;
				CURRENT_PROJECT_VERSION = 1;
				DEVELOPMENT_TEAM = 9F7BXCAFA2;
				GENERATE_INFOPLIST_FILE = YES;
				INFOPLIST_FILE = SideMenu/Info.plist;
				INFOPLIST_KEY_UIApplicationSupportsIndirectInputEvents = YES;
				INFOPLIST_KEY_UILaunchStoryboardName = LaunchScreen;
				INFOPLIST_KEY_UIMainStoryboardFile = Main;
				INFOPLIST_KEY_UISupportedInterfaceOrientations_iPad = "UIInterfaceOrientationPortrait UIInterfaceOrientationPortraitUpsideDown UIInterfaceOrientationLandscapeLeft UIInterfaceOrientationLandscapeRight";
				INFOPLIST_KEY_UISupportedInterfaceOrientations_iPhone = "UIInterfaceOrientationPortrait UIInterfaceOrientationLandscapeLeft UIInterfaceOrientationLandscapeRight";
				LD_RUNPATH_SEARCH_PATHS = (
					"$(inherited)",
					"@executable_path/Frameworks",
				);
				MARKETING_VERSION = 1.0;
				PRODUCT_BUNDLE_IDENTIFIER = com.codewithkyo.SideMenu;
				PRODUCT_NAME = "$(TARGET_NAME)";
				SWIFT_EMIT_LOC_STRINGS = YES;
				SWIFT_VERSION = 5.0;
				TARGETED_DEVICE_FAMILY = "1,2";
			};
			name = Debug;
		};
		7B501D0E27E6008700E79990 /* Release */ = {
			isa = XCBuildConfiguration;
			buildSettings = {
				ASSETCATALOG_COMPILER_APPICON_NAME = AppIcon;
				ASSETCATALOG_COMPILER_GLOBAL_ACCENT_COLOR_NAME = AccentColor;
				CODE_SIGN_STYLE = Automatic;
				CURRENT_PROJECT_VERSION = 1;
				DEVELOPMENT_TEAM = 9F7BXCAFA2;
				GENERATE_INFOPLIST_FILE = YES;
				INFOPLIST_FILE = SideMenu/Info.plist;
				INFOPLIST_KEY_UIApplicationSupportsIndirectInputEvents = YES;
				INFOPLIST_KEY_UILaunchStoryboardName = LaunchScreen;
				INFOPLIST_KEY_UIMainStoryboardFile = Main;
				INFOPLIST_KEY_UISupportedInterfaceOrientations_iPad = "UIInterfaceOrientationPortrait UIInterfaceOrientationPortraitUpsideDown UIInterfaceOrientationLandscapeLeft UIInterfaceOrientationLandscapeRight";
				INFOPLIST_KEY_UISupportedInterfaceOrientations_iPhone = "UIInterfaceOrientationPortrait UIInterfaceOrientationLandscapeLeft UIInterfaceOrientationLandscapeRight";
				LD_RUNPATH_SEARCH_PATHS = (
					"$(inherited)",
					"@executable_path/Frameworks",
				);
				MARKETING_VERSION = 1.0;
				PRODUCT_BUNDLE_IDENTIFIER = com.codewithkyo.SideMenu;
				PRODUCT_NAME = "$(TARGET_NAME)";
				SWIFT_EMIT_LOC_STRINGS = YES;
				SWIFT_VERSION = 5.0;
				TARGETED_DEVICE_FAMILY = "1,2";
			};
			name = Release;
		};
/* End XCBuildConfiguration section */

/* Begin XCConfigurationList section */
		7B501CF327E6008300E79990 /* Build configuration list for PBXProject "SideMenu" */ = {
			isa = XCConfigurationList;
			buildConfigurations = (
				7B501D0A27E6008700E79990 /* Debug */,
				7B501D0B27E6008700E79990 /* Release */,
			);
			defaultConfigurationIsVisible = 0;
			defaultConfigurationName = Release;
		};
		7B501D0C27E6008700E79990 /* Build configuration list for PBXNativeTarget "SideMenu" */ = {
			isa = XCConfigurationList;
			buildConfigurations = (
				7B501D0D27E6008700E79990 /* Debug */,
				7B501D0E27E6008700E79990 /* Release */,
			);
			defaultConfigurationIsVisible = 0;
			defaultConfigurationName = Release;
		};
/* End XCConfigurationList section */
	};
	rootObject = 7B501CF027E6008300E79990 /* Project object */;
}
